
Microsoft Visual Studio Solution File, Format Version 12.00
# Visual Studio Version 17
VisualStudioVersion = 17.7.34031.279
MinimumVisualStudioVersion = 10.0.40219.1
Project("{9A19103F-16F7-4668-BE54-9A1E7A4F7556}") = "consoleapp", "consoleapp.csproj", "{15305075-6E8C-4BCA-BA85-E22CB9040777}"
EndProject
Project("{FAE04EC0-301F-11D3-BF4B-00C04F79EFBC}") = "BankoApp", "..\BankoApp\BankoApp.csproj", "{76888C0C-3CF9-4F6F-8AF6-7474333347D0}"
EndProject
Global
	GlobalSection(SolutionConfigurationPlatforms) = preSolution
		Debug|Any CPU = Debug|Any CPU
		Release|Any CPU = Release|Any CPU
	EndGlobalSection
	GlobalSection(ProjectConfigurationPlatforms) = postSolution
		{15305075-6E8C-4BCA-BA85-E22CB9040777}.Debug|Any CPU.ActiveCfg = Debug|Any CPU
		{15305075-6E8C-4BCA-BA85-E22CB9040777}.Debug|Any CPU.Build.0 = Debug|Any CPU
		{15305075-6E8C-4BCA-BA85-E22CB9040777}.Release|Any CPU.ActiveCfg = Release|Any CPU
		{15305075-6E8C-4BCA-BA85-E22CB9040777}.Release|Any CPU.Build.0 = Release|Any CPU
		{76888C0C-3CF9-4F6F-8AF6-7474333347D0}.Debug|Any CPU.ActiveCfg = Debug|Any CPU
		{76888C0C-3CF9-4F6F-8AF6-7474333347D0}.Debug|Any CPU.Build.0 = Debug|Any CPU
		{76888C0C-3CF9-4F6F-8AF6-7474333347D0}.Release|Any CPU.ActiveCfg = Release|Any CPU
		{76888C0C-3CF9-4F6F-8AF6-7474333347D0}.Release|Any CPU.Build.0 = Release|Any CPU
	EndGlobalSection
	GlobalSection(SolutionProperties) = preSolution
		HideSolutionNode = FALSE
	EndGlobalSection
	GlobalSection(ExtensibilityGlobals) = postSolution
		SolutionGuid = {77E21EFC-8E63-47D9-B7E5-CE54E847405E}
	EndGlobalSection
EndGlobal
